
Microsoft Visual Studio Solution File, Format Version 12.00
# Visual Studio Version 17
VisualStudioVersion = 17.0.31903.59
MinimumVisualStudioVersion = 10.0.40219.1
Project("{FAE04EC0-301F-11D3-BF4B-00C04F79EFBC}") = "Launcher", "Launcher\Launcher.csproj", "{BB536B71-910F-4711-B475-110AC2E8D736}"
EndProject
Project("{2150E333-8FDC-42A3-9474-1A3956D46DE8}") = "Module", "Module", "{17A01A12-300A-40DE-8E9D-DD72A0AEE19A}"
EndProject
Project("{FAE04EC0-301F-11D3-BF4B-00C04F79EFBC}") = "LelbryBalanceFixes", "Module\LelbryBalanceFixes\LelbryBalanceFixes.csproj", "{131AAE4E-C792-4109-917E-A4B9EC740438}"
EndProject
Global
	GlobalSection(SolutionConfigurationPlatforms) = preSolution
		Debug|Any CPU = Debug|Any CPU
		Release|Any CPU = Release|Any CPU
	EndGlobalSection
	GlobalSection(SolutionProperties) = preSolution
		HideSolutionNode = FALSE
	EndGlobalSection
	GlobalSection(ProjectConfigurationPlatforms) = postSolution
		{BB536B71-910F-4711-B475-110AC2E8D736}.Debug|Any CPU.ActiveCfg = Debug|Any CPU
		{BB536B71-910F-4711-B475-110AC2E8D736}.Debug|Any CPU.Build.0 = Debug|Any CPU
		{BB536B71-910F-4711-B475-110AC2E8D736}.Release|Any CPU.ActiveCfg = Release|Any CPU
		{BB536B71-910F-4711-B475-110AC2E8D736}.Release|Any CPU.Build.0 = Release|Any CPU
		{131AAE4E-C792-4109-917E-A4B9EC740438}.Debug|Any CPU.ActiveCfg = Debug|Any CPU
		{131AAE4E-C792-4109-917E-A4B9EC740438}.Debug|Any CPU.Build.0 = Debug|Any CPU
		{131AAE4E-C792-4109-917E-A4B9EC740438}.Release|Any CPU.ActiveCfg = Release|Any CPU
		{131AAE4E-C792-4109-917E-A4B9EC740438}.Release|Any CPU.Build.0 = Release|Any CPU
	EndGlobalSection
	GlobalSection(NestedProjects) = preSolution
		{131AAE4E-C792-4109-917E-A4B9EC740438} = {17A01A12-300A-40DE-8E9D-DD72A0AEE19A}
	EndGlobalSection
EndGlobal
